
Microsoft Visual Studio Solution File, Format Version 12.00
# Visual Studio Version 16
VisualStudioVersion = 16.0.32228.343
MinimumVisualStudioVersion = 10.0.40219.1
Project("{FAE04EC0-301F-11D3-BF4B-00C04F79EFBC}") = "WpfApp1", "WpfApp1.csproj", "{9F280B43-88A3-43FC-80D3-737105A97E56}"
EndProject
Global
	GlobalSection(SolutionConfigurationPlatforms) = preSolution
		Debug|Any CPU = Debug|Any CPU
		Release|Any CPU = Release|Any CPU
	EndGlobalSection
	GlobalSection(ProjectConfigurationPlatforms) = postSolution
		{9F280B43-88A3-43FC-80D3-737105A97E56}.Debug|Any CPU.ActiveCfg = Debug|Any CPU
		{9F280B43-88A3-43FC-80D3-737105A97E56}.Debug|Any CPU.Build.0 = Debug|Any CPU
		{9F280B43-88A3-43FC-80D3-737105A97E56}.Release|Any CPU.ActiveCfg = Release|Any CPU
		{9F280B43-88A3-43FC-80D3-737105A97E56}.Release|Any CPU.Build.0 = Release|Any CPU
	EndGlobalSection
	GlobalSection(SolutionProperties) = preSolution
		HideSolutionNode = FALSE
	EndGlobalSection
	GlobalSection(ExtensibilityGlobals) = postSolution
		SolutionGuid = {E0483BA9-7EDA-40C8-86D4-BDEB10B68855}
	EndGlobalSection
EndGlobal
